
Microsoft Visual Studio Solution File, Format Version 11.00
# Visual Studio 2010
Project("{FAE04EC0-301F-11D3-BF4B-00C04F79EFBC}") = "Assembly-CSharp", "Assembly-CSharp.csproj", "{0ab3eee9-b1bf-99b5-979e-712305f6805f}"
EndProject
Project("{FAE04EC0-301F-11D3-BF4B-00C04F79EFBC}") = "Assembly-CSharp-Editor", "Assembly-CSharp-Editor.csproj", "{7ea0abd3-6b76-efc2-8896-c12ec88e9534}"
EndProject
Global
	GlobalSection(SolutionConfigurationPlatforms) = preSolution
		Debug|Any CPU = Debug|Any CPU
	EndGlobalSection
	GlobalSection(ProjectConfigurationPlatforms) = postSolution
		{0ab3eee9-b1bf-99b5-979e-712305f6805f}.Debug|Any CPU.ActiveCfg = Debug|Any CPU
		{0ab3eee9-b1bf-99b5-979e-712305f6805f}.Debug|Any CPU.Build.0 = Debug|Any CPU
		{7ea0abd3-6b76-efc2-8896-c12ec88e9534}.Debug|Any CPU.ActiveCfg = Debug|Any CPU
		{7ea0abd3-6b76-efc2-8896-c12ec88e9534}.Debug|Any CPU.Build.0 = Debug|Any CPU
	EndGlobalSection
	GlobalSection(SolutionProperties) = preSolution
		HideSolutionNode = FALSE
	EndGlobalSection
EndGlobal
